
Microsoft Visual Studio Solution File, Format Version 12.00
# Visual Studio Version 17
VisualStudioVersion = 17.5.33627.172
MinimumVisualStudioVersion = 10.0.40219.1
Project("{FAE04EC0-301F-11D3-BF4B-00C04F79EFBC}") = "OrderProjectsInSlnFile", "OrderProjectsInSlnFile.csproj", "{AB7E19BC-A153-4676-AD3C-B382EDBB4463}"
EndProject
Project("{FAE04EC0-301F-11D3-BF4B-00C04F79EFBC}") = "UnitTests", "UnitTests\UnitTests.csproj", "{3FED2DC7-98B7-4519-8D94-CA34CB5C3279}"
EndProject
Project("{FAE04EC0-301F-11D3-BF4B-00C04F79EFBC}") = "ConsoleOrderProjectsInSlnFile", "ConsoleOrderProjectsInSlnFile\ConsoleOrderProjectsInSlnFile.csproj", "{623CC6FC-C3A5-4E4B-A920-17E19F801572}"
EndProject
Project("{FAE04EC0-301F-11D3-BF4B-00C04F79EFBC}") = "SortingLibrary", "ClassLibraries\Range\SortingLibrary.csproj", "{6CECEE77-FD62-40EA-97BA-DC8EE6280BB9}"
EndProject
Global
	GlobalSection(SolutionConfigurationPlatforms) = preSolution
		Debug|Any CPU = Debug|Any CPU
		Debug|arm64 = Debug|arm64
		Debug|x86 = Debug|x86
		Release|Any CPU = Release|Any CPU
		Release|arm64 = Release|arm64
		Release|x86 = Release|x86
	EndGlobalSection
	GlobalSection(ProjectConfigurationPlatforms) = postSolution
		{AB7E19BC-A153-4676-AD3C-B382EDBB4463}.Debug|Any CPU.ActiveCfg = Debug|Any CPU
		{AB7E19BC-A153-4676-AD3C-B382EDBB4463}.Debug|Any CPU.Build.0 = Debug|Any CPU
		{AB7E19BC-A153-4676-AD3C-B382EDBB4463}.Debug|arm64.ActiveCfg = Debug|arm64
		{AB7E19BC-A153-4676-AD3C-B382EDBB4463}.Debug|arm64.Build.0 = Debug|arm64
		{AB7E19BC-A153-4676-AD3C-B382EDBB4463}.Debug|x86.ActiveCfg = Debug|x86
		{AB7E19BC-A153-4676-AD3C-B382EDBB4463}.Debug|x86.Build.0 = Debug|x86
		{AB7E19BC-A153-4676-AD3C-B382EDBB4463}.Release|Any CPU.ActiveCfg = Release|Any CPU
		{AB7E19BC-A153-4676-AD3C-B382EDBB4463}.Release|Any CPU.Build.0 = Release|Any CPU
		{AB7E19BC-A153-4676-AD3C-B382EDBB4463}.Release|arm64.ActiveCfg = Release|arm64
		{AB7E19BC-A153-4676-AD3C-B382EDBB4463}.Release|arm64.Build.0 = Release|arm64
		{AB7E19BC-A153-4676-AD3C-B382EDBB4463}.Release|x86.ActiveCfg = Release|x86
		{AB7E19BC-A153-4676-AD3C-B382EDBB4463}.Release|x86.Build.0 = Release|x86
		{3FED2DC7-98B7-4519-8D94-CA34CB5C3279}.Debug|Any CPU.ActiveCfg = Debug|Any CPU
		{3FED2DC7-98B7-4519-8D94-CA34CB5C3279}.Debug|Any CPU.Build.0 = Debug|Any CPU
		{3FED2DC7-98B7-4519-8D94-CA34CB5C3279}.Debug|arm64.ActiveCfg = Debug|Any CPU
		{3FED2DC7-98B7-4519-8D94-CA34CB5C3279}.Debug|arm64.Build.0 = Debug|Any CPU
		{3FED2DC7-98B7-4519-8D94-CA34CB5C3279}.Debug|x86.ActiveCfg = Debug|Any CPU
		{3FED2DC7-98B7-4519-8D94-CA34CB5C3279}.Debug|x86.Build.0 = Debug|Any CPU
		{3FED2DC7-98B7-4519-8D94-CA34CB5C3279}.Release|Any CPU.ActiveCfg = Release|Any CPU
		{3FED2DC7-98B7-4519-8D94-CA34CB5C3279}.Release|Any CPU.Build.0 = Release|Any CPU
		{3FED2DC7-98B7-4519-8D94-CA34CB5C3279}.Release|arm64.ActiveCfg = Release|Any CPU
		{3FED2DC7-98B7-4519-8D94-CA34CB5C3279}.Release|arm64.Build.0 = Release|Any CPU
		{3FED2DC7-98B7-4519-8D94-CA34CB5C3279}.Release|x86.ActiveCfg = Release|Any CPU
		{3FED2DC7-98B7-4519-8D94-CA34CB5C3279}.Release|x86.Build.0 = Release|Any CPU
		{623CC6FC-C3A5-4E4B-A920-17E19F801572}.Debug|Any CPU.ActiveCfg = Debug|Any CPU
		{623CC6FC-C3A5-4E4B-A920-17E19F801572}.Debug|Any CPU.Build.0 = Debug|Any CPU
		{623CC6FC-C3A5-4E4B-A920-17E19F801572}.Debug|arm64.ActiveCfg = Debug|Any CPU
		{623CC6FC-C3A5-4E4B-A920-17E19F801572}.Debug|arm64.Build.0 = Debug|Any CPU
		{623CC6FC-C3A5-4E4B-A920-17E19F801572}.Debug|x86.ActiveCfg = Debug|Any CPU
		{623CC6FC-C3A5-4E4B-A920-17E19F801572}.Debug|x86.Build.0 = Debug|Any CPU
		{623CC6FC-C3A5-4E4B-A920-17E19F801572}.Release|Any CPU.ActiveCfg = Release|Any CPU
		{623CC6FC-C3A5-4E4B-A920-17E19F801572}.Release|Any CPU.Build.0 = Release|Any CPU
		{623CC6FC-C3A5-4E4B-A920-17E19F801572}.Release|arm64.ActiveCfg = Release|Any CPU
		{623CC6FC-C3A5-4E4B-A920-17E19F801572}.Release|arm64.Build.0 = Release|Any CPU
		{623CC6FC-C3A5-4E4B-A920-17E19F801572}.Release|x86.ActiveCfg = Release|Any CPU
		{623CC6FC-C3A5-4E4B-A920-17E19F801572}.Release|x86.Build.0 = Release|Any CPU
		{6CECEE77-FD62-40EA-97BA-DC8EE6280BB9}.Debug|Any CPU.ActiveCfg = Debug|Any CPU
		{6CECEE77-FD62-40EA-97BA-DC8EE6280BB9}.Debug|Any CPU.Build.0 = Debug|Any CPU
		{6CECEE77-FD62-40EA-97BA-DC8EE6280BB9}.Debug|arm64.ActiveCfg = Debug|Any CPU
		{6CECEE77-FD62-40EA-97BA-DC8EE6280BB9}.Debug|arm64.Build.0 = Debug|Any CPU
		{6CECEE77-FD62-40EA-97BA-DC8EE6280BB9}.Debug|x86.ActiveCfg = Debug|Any CPU
		{6CECEE77-FD62-40EA-97BA-DC8EE6280BB9}.Debug|x86.Build.0 = Debug|Any CPU
		{6CECEE77-FD62-40EA-97BA-DC8EE6280BB9}.Release|Any CPU.ActiveCfg = Release|Any CPU
		{6CECEE77-FD62-40EA-97BA-DC8EE6280BB9}.Release|Any CPU.Build.0 = Release|Any CPU
		{6CECEE77-FD62-40EA-97BA-DC8EE6280BB9}.Release|arm64.ActiveCfg = Release|Any CPU
		{6CECEE77-FD62-40EA-97BA-DC8EE6280BB9}.Release|arm64.Build.0 = Release|Any CPU
		{6CECEE77-FD62-40EA-97BA-DC8EE6280BB9}.Release|x86.ActiveCfg = Release|Any CPU
		{6CECEE77-FD62-40EA-97BA-DC8EE6280BB9}.Release|x86.Build.0 = Release|Any CPU
	EndGlobalSection
	GlobalSection(SolutionProperties) = preSolution
		HideSolutionNode = FALSE
	EndGlobalSection
	GlobalSection(ExtensibilityGlobals) = postSolution
		SolutionGuid = {E663D62B-DE40-46C4-ACDD-34A19B39885E}
	EndGlobalSection
EndGlobal
